
Microsoft Visual Studio Solution File, Format Version 12.00
# Visual Studio Version 17
VisualStudioVersion = 17.6.33815.320
MinimumVisualStudioVersion = 10.0.40219.1
Project("{9A19103F-16F7-4668-BE54-9A1E7A4F7556}") = "SampleWebApi", "SampleWebApi\SampleWebApi.csproj", "{F73F3A76-C3AE-4CFE-9591-69BE40061504}"
EndProject
Project("{9A19103F-16F7-4668-BE54-9A1E7A4F7556}") = "SampleWebApiWithSecurity", "SampleWebApiWithSecurity\SampleWebApiWithSecurity.csproj", "{4D0A3919-0BDC-4B2D-8267-542524D9260C}"
EndProject
Project("{FAE04EC0-301F-11D3-BF4B-00C04F79EFBC}") = "BooksApi", "BooksApi\BooksApi.csproj", "{005BBD5B-3A65-45DC-BA95-354C04B0A388}"
EndProject
Project("{FAE04EC0-301F-11D3-BF4B-00C04F79EFBC}") = "BooksApiTests", "BooksApiTests\BooksApiTests.csproj", "{47ACF690-517F-43DD-9994-B06CB65B06E6}"
EndProject
Global
	GlobalSection(SolutionConfigurationPlatforms) = preSolution
		Debug|Any CPU = Debug|Any CPU
		Release|Any CPU = Release|Any CPU
	EndGlobalSection
	GlobalSection(ProjectConfigurationPlatforms) = postSolution
		{F73F3A76-C3AE-4CFE-9591-69BE40061504}.Debug|Any CPU.ActiveCfg = Debug|Any CPU
		{F73F3A76-C3AE-4CFE-9591-69BE40061504}.Debug|Any CPU.Build.0 = Debug|Any CPU
		{F73F3A76-C3AE-4CFE-9591-69BE40061504}.Release|Any CPU.ActiveCfg = Release|Any CPU
		{F73F3A76-C3AE-4CFE-9591-69BE40061504}.Release|Any CPU.Build.0 = Release|Any CPU
		{4D0A3919-0BDC-4B2D-8267-542524D9260C}.Debug|Any CPU.ActiveCfg = Debug|Any CPU
		{4D0A3919-0BDC-4B2D-8267-542524D9260C}.Debug|Any CPU.Build.0 = Debug|Any CPU
		{4D0A3919-0BDC-4B2D-8267-542524D9260C}.Release|Any CPU.ActiveCfg = Release|Any CPU
		{4D0A3919-0BDC-4B2D-8267-542524D9260C}.Release|Any CPU.Build.0 = Release|Any CPU
		{005BBD5B-3A65-45DC-BA95-354C04B0A388}.Debug|Any CPU.ActiveCfg = Debug|Any CPU
		{005BBD5B-3A65-45DC-BA95-354C04B0A388}.Debug|Any CPU.Build.0 = Debug|Any CPU
		{005BBD5B-3A65-45DC-BA95-354C04B0A388}.Release|Any CPU.ActiveCfg = Release|Any CPU
		{005BBD5B-3A65-45DC-BA95-354C04B0A388}.Release|Any CPU.Build.0 = Release|Any CPU
		{47ACF690-517F-43DD-9994-B06CB65B06E6}.Debug|Any CPU.ActiveCfg = Debug|Any CPU
		{47ACF690-517F-43DD-9994-B06CB65B06E6}.Debug|Any CPU.Build.0 = Debug|Any CPU
		{47ACF690-517F-43DD-9994-B06CB65B06E6}.Release|Any CPU.ActiveCfg = Release|Any CPU
		{47ACF690-517F-43DD-9994-B06CB65B06E6}.Release|Any CPU.Build.0 = Release|Any CPU
	EndGlobalSection
	GlobalSection(SolutionProperties) = preSolution
		HideSolutionNode = FALSE
	EndGlobalSection
	GlobalSection(ExtensibilityGlobals) = postSolution
		SolutionGuid = {0584E014-E430-4FAE-917C-9A13BA70A325}
	EndGlobalSection
EndGlobal
